<?xml version="1.0" encoding="utf-8"?>
<Project ToolsVersion="4.0" xmlns="http://schemas.microsoft.com/developer/msbuild/2003">
  <ItemGroup>
    <Filter Include="源文件">
      <UniqueIdentifier>{4FC737F1-C7A5-4376-A066-2A32D752A2FF}</UniqueIdentifier>
      <Extensions>cpp;c;cc;cxx;def;odl;idl;hpj;bat;asm;asmx</Extensions>
    </Filter>
    <Filter Include="头文件">
      <UniqueIdentifier>{93995380-89BD-4b04-88EB-625FBE52EBFB}</UniqueIdentifier>
      <Extensions>h;hh;hpp;hxx;hm;inl;inc;ipp;xsd</Extensions>
    </Filter>
    <Filter Include="资源文件">
      <UniqueIdentifier>{67DA6AB6-F800-4c08-8B7A-83BB121AAD01}</UniqueIdentifier>
      <Extensions>rc;ico;cur;bmp;dlg;rc2;rct;bin;rgs;gif;jpg;jpeg;jpe;resx;tiff;tif;png;wav;mfcribbon-ms</Extensions>
    </Filter>
    <Filter Include="源文件\IO">
      <UniqueIdentifier>{dbfd0e7c-12f2-4d93-b96c-01a1851b8c44}</UniqueIdentifier>
    </Filter>
    <Filter Include="源文件\设计模式">
      <UniqueIdentifier>{2de85f71-3a72-4d4f-a1ad-c43c4b48236b}</UniqueIdentifier>
    </Filter>
    <Filter Include="头文件\设计模式">
      <UniqueIdentifier>{477f4b6f-c441-4d57-9996-9c036a37b108}</UniqueIdentifier>
    </Filter>
    <Filter Include="源文件\函数">
      <UniqueIdentifier>{07341e06-a351-40b4-9c8b-1c6668e9a687}</UniqueIdentifier>
    </Filter>
    <Filter Include="头文件\函数">
      <UniqueIdentifier>{021a0c1b-4af0-42fe-bea9-d92c41d2658b}</UniqueIdentifier>
    </Filter>
    <Filter Include="头文件\多线程">
      <UniqueIdentifier>{39af38bd-02ee-4021-8d4f-467ce1c367ce}</UniqueIdentifier>
    </Filter>
    <Filter Include="源文件\多线程">
      <UniqueIdentifier>{c2b324f8-5af8-4264-940e-9ce9438e7a97}</UniqueIdentifier>
    </Filter>
    <Filter Include="头文件\IO">
      <UniqueIdentifier>{2c00d2db-26d8-473a-8bd7-6ad2a7e70616}</UniqueIdentifier>
    </Filter>
  </ItemGroup>
  <ItemGroup>
    <ClCompile Include="c++.cpp">
      <Filter>源文件</Filter>
    </ClCompile>
    <ClCompile Include="Observer.cpp">
      <Filter>源文件\设计模式</Filter>
    </ClCompile>
    <ClCompile Include="Singleton.cpp">
      <Filter>源文件\设计模式</Filter>
    </ClCompile>
    <ClCompile Include="override.cpp">
      <Filter>源文件\函数</Filter>
    </ClCompile>
    <ClCompile Include="thread.cpp">
      <Filter>源文件\多线程</Filter>
    </ClCompile>
    <ClCompile Include="memory.cpp">
      <Filter>源文件</Filter>
    </ClCompile>
    <ClCompile Include="mutilIO.cpp">
      <Filter>源文件\IO</Filter>
    </ClCompile>
  </ItemGroup>
  <ItemGroup>
    <ClInclude Include="test.h">
      <Filter>头文件</Filter>
    </ClInclude>
    <ClInclude Include="Observer.h">
      <Filter>头文件\设计模式</Filter>
    </ClInclude>
    <ClInclude Include="Singleton.h">
      <Filter>头文件\设计模式</Filter>
    </ClInclude>
    <ClInclude Include="override.h">
      <Filter>头文件\函数</Filter>
    </ClInclude>
    <ClInclude Include="thread.h">
      <Filter>头文件\多线程</Filter>
    </ClInclude>
    <ClInclude Include="memory.h">
      <Filter>头文件</Filter>
    </ClInclude>
    <ClInclude Include="mutiIO.h">
      <Filter>头文件\IO</Filter>
    </ClInclude>
  </ItemGroup>
</Project>