
Microsoft Visual Studio Solution File, Format Version 12.00
# Visual Studio 15
VisualStudioVersion = 15.0.28307.852
MinimumVisualStudioVersion = 10.0.40219.1
Project("{8BC9CEB8-8B4A-11D0-8D11-00A0C91BC942}") = "GASateliteLink", "GASateliteLink\GASateliteLink.vcxproj", "{4C76A5FC-FD04-425C-B0F9-256E5D89F1E6}"
EndProject
Global
	GlobalSection(SolutionConfigurationPlatforms) = preSolution
		Debug|x64 = Debug|x64
		Debug|x86 = Debug|x86
		Release|x64 = Release|x64
		Release|x86 = Release|x86
	EndGlobalSection
	GlobalSection(ProjectConfigurationPlatforms) = postSolution
		{4C76A5FC-FD04-425C-B0F9-256E5D89F1E6}.Debug|x64.ActiveCfg = Debug|x64
		{4C76A5FC-FD04-425C-B0F9-256E5D89F1E6}.Debug|x64.Build.0 = Debug|x64
		{4C76A5FC-FD04-425C-B0F9-256E5D89F1E6}.Debug|x86.ActiveCfg = Debug|Win32
		{4C76A5FC-FD04-425C-B0F9-256E5D89F1E6}.Debug|x86.Build.0 = Debug|Win32
		{4C76A5FC-FD04-425C-B0F9-256E5D89F1E6}.Release|x64.ActiveCfg = Release|x64
		{4C76A5FC-FD04-425C-B0F9-256E5D89F1E6}.Release|x64.Build.0 = Release|x64
		{4C76A5FC-FD04-425C-B0F9-256E5D89F1E6}.Release|x86.ActiveCfg = Release|Win32
		{4C76A5FC-FD04-425C-B0F9-256E5D89F1E6}.Release|x86.Build.0 = Release|Win32
	EndGlobalSection
	GlobalSection(SolutionProperties) = preSolution
		HideSolutionNode = FALSE
	EndGlobalSection
	GlobalSection(ExtensibilityGlobals) = postSolution
		SolutionGuid = {F498A63F-55C0-4DD5-9B7D-B1EB174E69C3}
	EndGlobalSection
EndGlobal
